{
  "originHash" : "ae0a7d7badefcae383b11ad6df6af54ebf3c1da084dcf53d6e9f0c927eae8d91",
  "pins" : [
    {
      "identity" : "tenmax-mobileads-ios-sdk",
      "kind" : "remoteSourceControl",
      "location" : "https://github.com/pickerweng/tenmax-mobileads-ios-sdk",
      "state" : {
        "revision" : "70b1b1926ef380ee1996afda225571457bc2df6a",
        "version" : "0.0.2"
      }
    },
    {
      "identity" : "toast-swift",
      "kind" : "remoteSourceControl",
      "location" : "https://github.com/scalessec/Toast-Swift",
      "state" : {
        "revision" : "ddccd20d6fb718448d9b179c454c561653fda7d5",
        "version" : "5.1.1"
      }
    }
  ],
  "version" : 3
}
